
Microsoft Visual Studio Solution File, Format Version 12.00
# Visual Studio Version 16
VisualStudioVersion = 16.0.29926.136
MinimumVisualStudioVersion = 10.0.40219.1
Project("{9A19103F-16F7-4668-BE54-9A1E7A4F7556}") = "SecureDataStore", "SecureDataStore.csproj", "{4C7AF94B-7D44-45A1-B631-A9374894C11F}"
EndProject
Global
	GlobalSection(SolutionConfigurationPlatforms) = preSolution
		Debug|Any CPU = Debug|Any CPU
		Release|Any CPU = Release|Any CPU
	EndGlobalSection
	GlobalSection(ProjectConfigurationPlatforms) = postSolution
		{4C7AF94B-7D44-45A1-B631-A9374894C11F}.Debug|Any CPU.ActiveCfg = Debug|Any CPU
		{4C7AF94B-7D44-45A1-B631-A9374894C11F}.Debug|Any CPU.Build.0 = Debug|Any CPU
		{4C7AF94B-7D44-45A1-B631-A9374894C11F}.Release|Any CPU.ActiveCfg = Release|Any CPU
		{4C7AF94B-7D44-45A1-B631-A9374894C11F}.Release|Any CPU.Build.0 = Release|Any CPU
	EndGlobalSection
	GlobalSection(SolutionProperties) = preSolution
		HideSolutionNode = FALSE
	EndGlobalSection
	GlobalSection(ExtensibilityGlobals) = postSolution
		SolutionGuid = {6A8B9A85-BE46-4522-A497-80354BA15585}
	EndGlobalSection
EndGlobal
